{
  "version": 4,
  "terraform_version": "1.2.6",
  "serial": 12,
  "lineage": "5663e173-8555-767c-8f87-7d290d047078",
  "outputs": {},
  "resources": [
    {
      "mode": "data",
      "type": "azurerm_image",
      "name": "main",
      "provider": "provider[\"registry.terraform.io/hashicorp/azurerm\"]",
      "instances": [
        {
          "schema_version": 0,
          "attributes": {
            "data_disk": [],
            "id": "/subscriptions/0b996307-7c6a-462a-990b-568412d43da3/resourceGroups/oyinbam-packer-rg/providers/Microsoft.Compute/images/bambamPackerVMImage",
            "location": "eastus",
            "name": "bambamPackerVMImage",
            "name_regex": null,
            "os_disk": [
              {
                "blob_uri": "",
                "caching": "ReadWrite",
                "managed_disk_id": "/subscriptions/0b996307-7c6a-462a-990b-568412d43da3/resourceGroups/pkr-Resource-Group-qixsyehehj/providers/Microsoft.Compute/disks/pkrosqixsyehehj",
                "os_state": "Generalized",
                "os_type": "Linux",
                "size_gb": 30
              }
            ],
            "resource_group_name": "oyinbam-packer-rg",
            "sort_descending": false,
            "tags": {
              "project_stage": "development"
            },
            "timeouts": null,
            "zone_resilient": false
          },
          "sensitive_attributes": []
        }
      ]
    },
    {
      "mode": "managed",
      "type": "azurerm_availability_set",
      "name": "main",
      "provider": "provider[\"registry.terraform.io/hashicorp/azurerm\"]",
      "instances": [
        {
          "schema_version": 0,
          "attributes": {
            "id": "/subscriptions/0b996307-7c6a-462a-990b-568412d43da3/resourceGroups/bambam-resources/providers/Microsoft.Compute/availabilitySets/bambam-av-set",
            "location": "eastus",
            "managed": true,
            "name": "bambam-av-set",
            "platform_fault_domain_count": 3,
            "platform_update_domain_count": 5,
            "proximity_placement_group_id": null,
            "resource_group_name": "bambam-resources",
            "tags": {
              "project_stage": "development"
            },
            "timeouts": null
          },
          "sensitive_attributes": [],
          "private": "eyJlMmJmYjczMC1lY2FhLTExZTYtOGY4OC0zNDM2M2JjN2M0YzAiOnsiY3JlYXRlIjoxODAwMDAwMDAwMDAwLCJkZWxldGUiOjE4MDAwMDAwMDAwMDAsInJlYWQiOjMwMDAwMDAwMDAwMCwidXBkYXRlIjoxODAwMDAwMDAwMDAwfX0=",
          "dependencies": [
            "azurerm_resource_group.main"
          ]
        }
      ]
    },
    {
      "mode": "managed",
      "type": "azurerm_lb",
      "name": "main",
      "provider": "provider[\"registry.terraform.io/hashicorp/azurerm\"]",
      "instances": [
        {
          "schema_version": 0,
          "attributes": {
            "edge_zone": "",
            "frontend_ip_configuration": [
              {
                "gateway_load_balancer_frontend_ip_configuration_id": "",
                "id": "/subscriptions/0b996307-7c6a-462a-990b-568412d43da3/resourceGroups/bambam-resources/providers/Microsoft.Network/loadBalancers/bambam-lb/frontendIPConfigurations/PublicIPAddress",
                "inbound_nat_rules": [],
                "load_balancer_rules": [],
                "name": "PublicIPAddress",
                "outbound_rules": [],
                "private_ip_address": "",
                "private_ip_address_allocation": "Dynamic",
                "private_ip_address_version": "",
                "public_ip_address_id": "/subscriptions/0b996307-7c6a-462a-990b-568412d43da3/resourceGroups/bambam-resources/providers/Microsoft.Network/publicIPAddresses/bambam-public-ip",
                "public_ip_prefix_id": "",
                "subnet_id": "",
                "zones": null
              }
            ],
            "id": "/subscriptions/0b996307-7c6a-462a-990b-568412d43da3/resourceGroups/bambam-resources/providers/Microsoft.Network/loadBalancers/bambam-lb",
            "location": "eastus",
            "name": "bambam-lb",
            "private_ip_address": "",
            "private_ip_addresses": [],
            "resource_group_name": "bambam-resources",
            "sku": "Basic",
            "sku_tier": "Regional",
            "tags": {
              "project_stage": "development"
            },
            "timeouts": null
          },
          "sensitive_attributes": [],
          "private": "eyJlMmJmYjczMC1lY2FhLTExZTYtOGY4OC0zNDM2M2JjN2M0YzAiOnsiY3JlYXRlIjoxODAwMDAwMDAwMDAwLCJkZWxldGUiOjE4MDAwMDAwMDAwMDAsInJlYWQiOjMwMDAwMDAwMDAwMCwidXBkYXRlIjoxODAwMDAwMDAwMDAwfX0=",
          "dependencies": [
            "azurerm_public_ip.public_ip",
            "azurerm_resource_group.main"
          ]
        }
      ]
    },
    {
      "mode": "managed",
      "type": "azurerm_lb_backend_address_pool",
      "name": "main",
      "provider": "provider[\"registry.terraform.io/hashicorp/azurerm\"]",
      "instances": [
        {
          "schema_version": 0,
          "attributes": {
            "backend_ip_configurations": [],
            "id": "/subscriptions/0b996307-7c6a-462a-990b-568412d43da3/resourceGroups/bambam-resources/providers/Microsoft.Network/loadBalancers/bambam-lb/backendAddressPools/bambam-lb-pool",
            "load_balancing_rules": [],
            "loadbalancer_id": "/subscriptions/0b996307-7c6a-462a-990b-568412d43da3/resourceGroups/bambam-resources/providers/Microsoft.Network/loadBalancers/bambam-lb",
            "name": "bambam-lb-pool",
            "outbound_rules": [],
            "timeouts": null,
            "tunnel_interface": []
          },
          "sensitive_attributes": [],
          "private": "eyJlMmJmYjczMC1lY2FhLTExZTYtOGY4OC0zNDM2M2JjN2M0YzAiOnsiY3JlYXRlIjoxODAwMDAwMDAwMDAwLCJkZWxldGUiOjE4MDAwMDAwMDAwMDAsInJlYWQiOjMwMDAwMDAwMDAwMCwidXBkYXRlIjoxODAwMDAwMDAwMDAwfX0=",
          "dependencies": [
            "azurerm_lb.main",
            "azurerm_public_ip.public_ip",
            "azurerm_resource_group.main"
          ]
        }
      ]
    },
    {
      "mode": "managed",
      "type": "azurerm_linux_virtual_machine",
      "name": "main",
      "provider": "provider[\"registry.terraform.io/hashicorp/azurerm\"]",
      "instances": []
    },
    {
      "mode": "managed",
      "type": "azurerm_managed_disk",
      "name": "main",
      "provider": "provider[\"registry.terraform.io/hashicorp/azurerm\"]",
      "instances": [
        {
          "schema_version": 0,
          "attributes": {
            "create_option": "Empty",
            "disk_access_id": "",
            "disk_encryption_set_id": "",
            "disk_iops_read_only": 0,
            "disk_iops_read_write": 500,
            "disk_mbps_read_only": 0,
            "disk_mbps_read_write": 60,
            "disk_size_gb": 5,
            "edge_zone": "",
            "encryption_settings": [],
            "gallery_image_reference_id": "",
            "hyper_v_generation": "",
            "id": "/subscriptions/0b996307-7c6a-462a-990b-568412d43da3/resourceGroups/bambam-resources/providers/Microsoft.Compute/disks/bambam-managed-disk",
            "image_reference_id": "",
            "location": "eastus",
            "logical_sector_size": null,
            "max_shares": 0,
            "name": "bambam-managed-disk",
            "network_access_policy": null,
            "on_demand_bursting_enabled": false,
            "os_type": "",
            "public_network_access_enabled": true,
            "resource_group_name": "bambam-resources",
            "source_resource_id": "",
            "source_uri": "",
            "storage_account_id": "",
            "storage_account_type": "Standard_LRS",
            "tags": {
              "project_stage": "development"
            },
            "tier": "",
            "timeouts": null,
            "trusted_launch_enabled": false,
            "zone": ""
          },
          "sensitive_attributes": [],
          "private": "eyJlMmJmYjczMC1lY2FhLTExZTYtOGY4OC0zNDM2M2JjN2M0YzAiOnsiY3JlYXRlIjoxODAwMDAwMDAwMDAwLCJkZWxldGUiOjE4MDAwMDAwMDAwMDAsInJlYWQiOjMwMDAwMDAwMDAwMCwidXBkYXRlIjoxODAwMDAwMDAwMDAwfX0=",
          "dependencies": [
            "azurerm_resource_group.main"
          ]
        }
      ]
    },
    {
      "mode": "managed",
      "type": "azurerm_network_interface",
      "name": "nic",
      "provider": "provider[\"registry.terraform.io/hashicorp/azurerm\"]",
      "instances": []
    },
    {
      "mode": "managed",
      "type": "azurerm_network_security_group",
      "name": "main",
      "provider": "provider[\"registry.terraform.io/hashicorp/azurerm\"]",
      "instances": [
        {
          "schema_version": 0,
          "attributes": {
            "id": "/subscriptions/0b996307-7c6a-462a-990b-568412d43da3/resourceGroups/bambam-resources/providers/Microsoft.Network/networkSecurityGroups/bambam-nsg",
            "location": "eastus",
            "name": "bambam-nsg",
            "resource_group_name": "bambam-resources",
            "security_rule": [],
            "tags": {
              "project_stage": "development"
            },
            "timeouts": null
          },
          "sensitive_attributes": [],
          "private": "eyJlMmJmYjczMC1lY2FhLTExZTYtOGY4OC0zNDM2M2JjN2M0YzAiOnsiY3JlYXRlIjoxODAwMDAwMDAwMDAwLCJkZWxldGUiOjE4MDAwMDAwMDAwMDAsInJlYWQiOjMwMDAwMDAwMDAwMCwidXBkYXRlIjoxODAwMDAwMDAwMDAwfX0=",
          "dependencies": [
            "azurerm_resource_group.main"
          ]
        }
      ]
    },
    {
      "mode": "managed",
      "type": "azurerm_network_security_rule",
      "name": "allow-VMs",
      "provider": "provider[\"registry.terraform.io/hashicorp/azurerm\"]",
      "instances": [
        {
          "schema_version": 0,
          "attributes": {
            "access": "Allow",
            "description": "",
            "destination_address_prefix": "*",
            "destination_address_prefixes": null,
            "destination_application_security_group_ids": null,
            "destination_port_range": "*",
            "destination_port_ranges": null,
            "direction": "Inbound",
            "id": "/subscriptions/0b996307-7c6a-462a-990b-568412d43da3/resourceGroups/bambam-resources/providers/Microsoft.Network/networkSecurityGroups/bambam-nsg/securityRules/allow all other VMs",
            "name": "allow all other VMs",
            "network_security_group_name": "bambam-nsg",
            "priority": 100,
            "protocol": "*",
            "resource_group_name": "bambam-resources",
            "source_address_prefix": "*",
            "source_address_prefixes": null,
            "source_application_security_group_ids": null,
            "source_port_range": "*",
            "source_port_ranges": null,
            "timeouts": null
          },
          "sensitive_attributes": [],
          "private": "eyJlMmJmYjczMC1lY2FhLTExZTYtOGY4OC0zNDM2M2JjN2M0YzAiOnsiY3JlYXRlIjoxODAwMDAwMDAwMDAwLCJkZWxldGUiOjE4MDAwMDAwMDAwMDAsInJlYWQiOjMwMDAwMDAwMDAwMCwidXBkYXRlIjoxODAwMDAwMDAwMDAwfX0=",
          "dependencies": [
            "azurerm_network_security_group.main",
            "azurerm_resource_group.main"
          ]
        }
      ]
    },
    {
      "mode": "managed",
      "type": "azurerm_network_security_rule",
      "name": "deny-internet",
      "provider": "provider[\"registry.terraform.io/hashicorp/azurerm\"]",
      "instances": [
        {
          "schema_version": 0,
          "attributes": {
            "access": "Deny",
            "description": "",
            "destination_address_prefix": "*",
            "destination_address_prefixes": null,
            "destination_application_security_group_ids": null,
            "destination_port_range": "*",
            "destination_port_ranges": null,
            "direction": "Inbound",
            "id": "/subscriptions/0b996307-7c6a-462a-990b-568412d43da3/resourceGroups/bambam-resources/providers/Microsoft.Network/networkSecurityGroups/bambam-nsg/securityRules/deny-internet-direct-access",
            "name": "deny-internet-direct-access",
            "network_security_group_name": "bambam-nsg",
            "priority": 120,
            "protocol": "*",
            "resource_group_name": "bambam-resources",
            "source_address_prefix": "*",
            "source_address_prefixes": null,
            "source_application_security_group_ids": null,
            "source_port_range": "*",
            "source_port_ranges": null,
            "timeouts": null
          },
          "sensitive_attributes": [],
          "private": "eyJlMmJmYjczMC1lY2FhLTExZTYtOGY4OC0zNDM2M2JjN2M0YzAiOnsiY3JlYXRlIjoxODAwMDAwMDAwMDAwLCJkZWxldGUiOjE4MDAwMDAwMDAwMDAsInJlYWQiOjMwMDAwMDAwMDAwMCwidXBkYXRlIjoxODAwMDAwMDAwMDAwfX0=",
          "dependencies": [
            "azurerm_network_security_group.main",
            "azurerm_resource_group.main"
          ]
        }
      ]
    },
    {
      "mode": "managed",
      "type": "azurerm_public_ip",
      "name": "public_ip",
      "provider": "provider[\"registry.terraform.io/hashicorp/azurerm\"]",
      "instances": [
        {
          "schema_version": 0,
          "attributes": {
            "allocation_method": "Static",
            "domain_name_label": null,
            "edge_zone": "",
            "fqdn": null,
            "id": "/subscriptions/0b996307-7c6a-462a-990b-568412d43da3/resourceGroups/bambam-resources/providers/Microsoft.Network/publicIPAddresses/bambam-public-ip",
            "idle_timeout_in_minutes": 4,
            "ip_address": "20.25.106.37",
            "ip_tags": null,
            "ip_version": "IPv4",
            "location": "eastus",
            "name": "bambam-public-ip",
            "public_ip_prefix_id": null,
            "resource_group_name": "bambam-resources",
            "reverse_fqdn": null,
            "sku": "Basic",
            "sku_tier": "Regional",
            "tags": {
              "project_stage": "development"
            },
            "timeouts": null,
            "zones": null
          },
          "sensitive_attributes": [],
          "private": "eyJlMmJmYjczMC1lY2FhLTExZTYtOGY4OC0zNDM2M2JjN2M0YzAiOnsiY3JlYXRlIjoxODAwMDAwMDAwMDAwLCJkZWxldGUiOjE4MDAwMDAwMDAwMDAsInJlYWQiOjMwMDAwMDAwMDAwMCwidXBkYXRlIjoxODAwMDAwMDAwMDAwfX0=",
          "dependencies": [
            "azurerm_resource_group.main"
          ]
        }
      ]
    },
    {
      "mode": "managed",
      "type": "azurerm_resource_group",
      "name": "main",
      "provider": "provider[\"registry.terraform.io/hashicorp/azurerm\"]",
      "instances": [
        {
          "schema_version": 0,
          "attributes": {
            "id": "/subscriptions/0b996307-7c6a-462a-990b-568412d43da3/resourceGroups/bambam-resources",
            "location": "eastus",
            "name": "bambam-resources",
            "tags": {
              "project_stage": "development"
            },
            "timeouts": null
          },
          "sensitive_attributes": [],
          "private": "eyJlMmJmYjczMC1lY2FhLTExZTYtOGY4OC0zNDM2M2JjN2M0YzAiOnsiY3JlYXRlIjo1NDAwMDAwMDAwMDAwLCJkZWxldGUiOjU0MDAwMDAwMDAwMDAsInJlYWQiOjMwMDAwMDAwMDAwMCwidXBkYXRlIjo1NDAwMDAwMDAwMDAwfX0="
        }
      ]
    },
    {
      "mode": "managed",
      "type": "azurerm_subnet",
      "name": "main",
      "provider": "provider[\"registry.terraform.io/hashicorp/azurerm\"]",
      "instances": [
        {
          "schema_version": 0,
          "attributes": {
            "address_prefixes": [
              "10.0.2.0/24"
            ],
            "delegation": [],
            "enforce_private_link_endpoint_network_policies": false,
            "enforce_private_link_service_network_policies": false,
            "id": "/subscriptions/0b996307-7c6a-462a-990b-568412d43da3/resourceGroups/bambam-resources/providers/Microsoft.Network/virtualNetworks/bambam-network/subnets/internal",
            "name": "internal",
            "resource_group_name": "bambam-resources",
            "service_endpoint_policy_ids": null,
            "service_endpoints": null,
            "timeouts": null,
            "virtual_network_name": "bambam-network"
          },
          "sensitive_attributes": [],
          "private": "eyJlMmJmYjczMC1lY2FhLTExZTYtOGY4OC0zNDM2M2JjN2M0YzAiOnsiY3JlYXRlIjoxODAwMDAwMDAwMDAwLCJkZWxldGUiOjE4MDAwMDAwMDAwMDAsInJlYWQiOjMwMDAwMDAwMDAwMCwidXBkYXRlIjoxODAwMDAwMDAwMDAwfX0=",
          "dependencies": [
            "azurerm_resource_group.main",
            "azurerm_virtual_network.main"
          ]
        }
      ]
    },
    {
      "mode": "managed",
      "type": "azurerm_virtual_network",
      "name": "main",
      "provider": "provider[\"registry.terraform.io/hashicorp/azurerm\"]",
      "instances": [
        {
          "schema_version": 0,
          "attributes": {
            "address_space": [
              "10.0.0.0/22"
            ],
            "bgp_community": "",
            "ddos_protection_plan": [],
            "dns_servers": [],
            "edge_zone": "",
            "flow_timeout_in_minutes": 0,
            "guid": "2dab8ff1-d576-4b9e-8ac3-c31c231a24c6",
            "id": "/subscriptions/0b996307-7c6a-462a-990b-568412d43da3/resourceGroups/bambam-resources/providers/Microsoft.Network/virtualNetworks/bambam-network",
            "location": "eastus",
            "name": "bambam-network",
            "resource_group_name": "bambam-resources",
            "subnet": [],
            "tags": {
              "project_stage": "development"
            },
            "timeouts": null
          },
          "sensitive_attributes": [],
          "private": "eyJlMmJmYjczMC1lY2FhLTExZTYtOGY4OC0zNDM2M2JjN2M0YzAiOnsiY3JlYXRlIjoxODAwMDAwMDAwMDAwLCJkZWxldGUiOjE4MDAwMDAwMDAwMDAsInJlYWQiOjMwMDAwMDAwMDAwMCwidXBkYXRlIjoxODAwMDAwMDAwMDAwfX0=",
          "dependencies": [
            "azurerm_resource_group.main"
          ]
        }
      ]
    }
  ]
}
